
Microsoft Visual Studio Solution File, Format Version 12.00
# Visual Studio Version 17
VisualStudioVersion = 17.6.33829.357
MinimumVisualStudioVersion = 10.0.40219.1
Project("{FAE04EC0-301F-11D3-BF4B-00C04F79EFBC}") = "MediaPlayer", "MediaPlayer\MediaPlayer.csproj", "{0279C4D2-47D6-4B83-8658-700B0C965605}"
EndProject
Global
	GlobalSection(SolutionConfigurationPlatforms) = preSolution
		Debug|Any CPU = Debug|Any CPU
		Release|Any CPU = Release|Any CPU
	EndGlobalSection
	GlobalSection(ProjectConfigurationPlatforms) = postSolution
		{0279C4D2-47D6-4B83-8658-700B0C965605}.Debug|Any CPU.ActiveCfg = Debug|Any CPU
		{0279C4D2-47D6-4B83-8658-700B0C965605}.Debug|Any CPU.Build.0 = Debug|Any CPU
		{0279C4D2-47D6-4B83-8658-700B0C965605}.Release|Any CPU.ActiveCfg = Release|Any CPU
		{0279C4D2-47D6-4B83-8658-700B0C965605}.Release|Any CPU.Build.0 = Release|Any CPU
	EndGlobalSection
	GlobalSection(SolutionProperties) = preSolution
		HideSolutionNode = FALSE
	EndGlobalSection
	GlobalSection(ExtensibilityGlobals) = postSolution
		SolutionGuid = {A776B7C8-8F77-4A4E-BA49-AE1D19CE0718}
	EndGlobalSection
EndGlobal
